
Microsoft Visual Studio Solution File, Format Version 12.00
# Visual Studio 15
Project("{FAE04EC0-301F-11D3-BF4B-00C04F79EFBC}") = "Assembly-CSharp", "Assembly-CSharp.csproj", "{D72EA6B7-B7AE-62A8-CFEA-61B217A6F3E5}"
EndProject
Project("{FAE04EC0-301F-11D3-BF4B-00C04F79EFBC}") = "Assembly-CSharp-firstpass", "Assembly-CSharp-firstpass.csproj", "{8B612DA3-912A-2DBE-C9B4-5B9AF2339895}"
EndProject
Project("{FAE04EC0-301F-11D3-BF4B-00C04F79EFBC}") = "Assembly-CSharp-Editor-firstpass", "Assembly-CSharp-Editor-firstpass.csproj", "{E59CE54D-218D-662F-63A0-30A00A483FBA}"
EndProject
Project("{FAE04EC0-301F-11D3-BF4B-00C04F79EFBC}") = "Assembly-CSharp-Editor", "Assembly-CSharp-Editor.csproj", "{65DCE2D4-2846-8DB0-0676-8235274D7768}"
EndProject
Global
	GlobalSection(SolutionConfigurationPlatforms) = preSolution
		Debug|Any CPU = Debug|Any CPU
		Release|Any CPU = Release|Any CPU
	EndGlobalSection
	GlobalSection(ProjectConfigurationPlatforms) = postSolution
		{D72EA6B7-B7AE-62A8-CFEA-61B217A6F3E5}.Debug|Any CPU.ActiveCfg = Debug|Any CPU
		{D72EA6B7-B7AE-62A8-CFEA-61B217A6F3E5}.Debug|Any CPU.Build.0 = Debug|Any CPU
		{D72EA6B7-B7AE-62A8-CFEA-61B217A6F3E5}.Release|Any CPU.ActiveCfg = Release|Any CPU
		{D72EA6B7-B7AE-62A8-CFEA-61B217A6F3E5}.Release|Any CPU.Build.0 = Release|Any CPU
		{8B612DA3-912A-2DBE-C9B4-5B9AF2339895}.Debug|Any CPU.ActiveCfg = Debug|Any CPU
		{8B612DA3-912A-2DBE-C9B4-5B9AF2339895}.Debug|Any CPU.Build.0 = Debug|Any CPU
		{8B612DA3-912A-2DBE-C9B4-5B9AF2339895}.Release|Any CPU.ActiveCfg = Release|Any CPU
		{8B612DA3-912A-2DBE-C9B4-5B9AF2339895}.Release|Any CPU.Build.0 = Release|Any CPU
		{E59CE54D-218D-662F-63A0-30A00A483FBA}.Debug|Any CPU.ActiveCfg = Debug|Any CPU
		{E59CE54D-218D-662F-63A0-30A00A483FBA}.Debug|Any CPU.Build.0 = Debug|Any CPU
		{E59CE54D-218D-662F-63A0-30A00A483FBA}.Release|Any CPU.ActiveCfg = Release|Any CPU
		{E59CE54D-218D-662F-63A0-30A00A483FBA}.Release|Any CPU.Build.0 = Release|Any CPU
		{65DCE2D4-2846-8DB0-0676-8235274D7768}.Debug|Any CPU.ActiveCfg = Debug|Any CPU
		{65DCE2D4-2846-8DB0-0676-8235274D7768}.Debug|Any CPU.Build.0 = Debug|Any CPU
		{65DCE2D4-2846-8DB0-0676-8235274D7768}.Release|Any CPU.ActiveCfg = Release|Any CPU
		{65DCE2D4-2846-8DB0-0676-8235274D7768}.Release|Any CPU.Build.0 = Release|Any CPU
	EndGlobalSection
	GlobalSection(SolutionProperties) = preSolution
		HideSolutionNode = FALSE
	EndGlobalSection
EndGlobal
